// !$*UTF8*$!
{
	archiveVersion = 1;
	classes = {
	};
	objectVersion = 46;
	objects = {

/* Begin PBXBuildFile section */
		3548404F131E8E1CC511003E /* libPods.a in Frameworks */ = {isa = PBXBuildFile; fileRef = ADFD9174E14D5337831C7338 /* libPods.a */; };
		7A23CFA11C3A4E3900BD343A /* DiscoverViewController.m in Sources */ = {isa = PBXBuildFile; fileRef = 7A23CF911C3A4E3900BD343A /* DiscoverViewController.m */; };
		7A23CFA21C3A4E3900BD343A /* MainViewController.m in Sources */ = {isa = PBXBuildFile; fileRef = 7A23CF971C3A4E3900BD343A /* MainViewController.m */; };
		7A23CFA31C3A4E3900BD343A /* MineViewController.m in Sources */ = {isa = PBXBuildFile; fileRef = 7A23CF9D1C3A4E3900BD343A /* MineViewController.m */; };
		7A23CFA61C3A507200BD343A /* MainStoryboard.storyboard in Resources */ = {isa = PBXBuildFile; fileRef = 7A23CFA51C3A507200BD343A /* MainStoryboard.storyboard */; };
		7A23CFA81C3A509900BD343A /* DiscoverStoryboard.storyboard in Resources */ = {isa = PBXBuildFile; fileRef = 7A23CFA71C3A509900BD343A /* DiscoverStoryboard.storyboard */; };
		7A23CFAA1C3A50C900BD343A /* MineStoryboard.storyboard in Resources */ = {isa = PBXBuildFile; fileRef = 7A23CFA91C3A50C900BD343A /* MineStoryboard.storyboard */; };
		7A23CFEB1C3A766E00BD343A /* MainTableViewCell.m in Sources */ = {isa = PBXBuildFile; fileRef = 7A23CFE91C3A766E00BD343A /* MainTableViewCell.m */; };
		7A23CFEC1C3A766E00BD343A /* MainTableViewCell.xib in Resources */ = {isa = PBXBuildFile; fileRef = 7A23CFEA1C3A766E00BD343A /* MainTableViewCell.xib */; };
		7A47BDF81C3F3DDF00D22785 /* HWTool.m in Sources */ = {isa = PBXBuildFile; fileRef = 7A47BDF71C3F3DDF00D22785 /* HWTool.m */; };
		7A47BDFB1C3F3F8500D22785 /* UIView+Extension.m in Sources */ = {isa = PBXBuildFile; fileRef = 7A47BDFA1C3F3F8500D22785 /* UIView+Extension.m */; };
		7A47BDFF1C3F5E1400D22785 /* Property List.plist in Resources */ = {isa = PBXBuildFile; fileRef = 7A47BDFE1C3F5E1400D22785 /* Property List.plist */; };
		7A47BE021C3F5EDA00D22785 /* ActivityThemeView.m in Sources */ = {isa = PBXBuildFile; fileRef = 7A47BE011C3F5EDA00D22785 /* ActivityThemeView.m */; };
		7A69F29F1C3CC83D002ECFCB /* SelectCityViewController.m in Sources */ = {isa = PBXBuildFile; fileRef = 7A69F29E1C3CC83D002ECFCB /* SelectCityViewController.m */; };
		7A69F2A21C3CC852002ECFCB /* SearchViewController.m in Sources */ = {isa = PBXBuildFile; fileRef = 7A69F2A11C3CC852002ECFCB /* SearchViewController.m */; };
		7A69F2A51C3CC86D002ECFCB /* ActivityViewController.m in Sources */ = {isa = PBXBuildFile; fileRef = 7A69F2A41C3CC86D002ECFCB /* ActivityViewController.m */; };
		7A69F2A81C3CC87D002ECFCB /* ThemeViewController.m in Sources */ = {isa = PBXBuildFile; fileRef = 7A69F2A71C3CC87D002ECFCB /* ThemeViewController.m */; };
		7A69F2AB1C3CC89C002ECFCB /* ClassListViewController.m in Sources */ = {isa = PBXBuildFile; fileRef = 7A69F2AA1C3CC89C002ECFCB /* ClassListViewController.m */; };
		7A69F2AE1C3CC8B4002ECFCB /* JingXuanViewController.m in Sources */ = {isa = PBXBuildFile; fileRef = 7A69F2AD1C3CC8B4002ECFCB /* JingXuanViewController.m */; };
		7A69F2B11C3CC8D0002ECFCB /* HotActivityViewController.m in Sources */ = {isa = PBXBuildFile; fileRef = 7A69F2B01C3CC8D0002ECFCB /* HotActivityViewController.m */; };
		7A73CAAC1C3E10EB00345636 /* ActivityDetailView.m in Sources */ = {isa = PBXBuildFile; fileRef = 7A73CAAB1C3E10EB00345636 /* ActivityDetailView.m */; };
		7A8933661C3D202C00B43477 /* UIViewController+Common.m in Sources */ = {isa = PBXBuildFile; fileRef = 7A8933651C3D202C00B43477 /* UIViewController+Common.m */; };
		7A93B8431C3F9EAD009FE0E0 /* blueArrow.png in Resources */ = {isa = PBXBuildFile; fileRef = 7A93B83F1C3F9EAD009FE0E0 /* blueArrow.png */; };
		7A93B8441C3F9EAD009FE0E0 /* blueArrowDown.png in Resources */ = {isa = PBXBuildFile; fileRef = 7A93B8401C3F9EAD009FE0E0 /* blueArrowDown.png */; };
		7A93B8451C3F9EAD009FE0E0 /* PullingRefreshTableView.m in Sources */ = {isa = PBXBuildFile; fileRef = 7A93B8421C3F9EAD009FE0E0 /* PullingRefreshTableView.m */; settings = {COMPILER_FLAGS = "-fno-objc-arc"; }; };
		7A93B8491C3FA3BB009FE0E0 /* JingXuanTableViewCell.m in Sources */ = {isa = PBXBuildFile; fileRef = 7A93B8471C3FA3BB009FE0E0 /* JingXuanTableViewCell.m */; };
		7A93B84A1C3FA3BB009FE0E0 /* JingXuanTableViewCell.xib in Resources */ = {isa = PBXBuildFile; fileRef = 7A93B8481C3FA3BB009FE0E0 /* JingXuanTableViewCell.xib */; };
		7A93B84C1C3FB77A009FE0E0 /* JingXuanProperty List.plist in Resources */ = {isa = PBXBuildFile; fileRef = 7A93B84B1C3FB77A009FE0E0 /* JingXuanProperty List.plist */; };
		7A93B84F1C3FBE44009FE0E0 /* JingXuanModel.m in Sources */ = {isa = PBXBuildFile; fileRef = 7A93B84E1C3FBE44009FE0E0 /* JingXuanModel.m */; };
		7AC6BF121C3BA08600F19997 /* MainModel.m in Sources */ = {isa = PBXBuildFile; fileRef = 7AC6BF111C3BA08600F19997 /* MainModel.m */; };
		7ADE229B1C3A1C3A0039245D /* main.m in Sources */ = {isa = PBXBuildFile; fileRef = 7ADE229A1C3A1C3A0039245D /* main.m */; };
		7ADE229E1C3A1C3A0039245D /* AppDelegate.m in Sources */ = {isa = PBXBuildFile; fileRef = 7ADE229D1C3A1C3A0039245D /* AppDelegate.m */; };
		7ADE22A01C3A1C3A0039245D /* Assets.xcassets in Resources */ = {isa = PBXBuildFile; fileRef = 7ADE229F1C3A1C3A0039245D /* Assets.xcassets */; };
		7ADE22A31C3A1C3A0039245D /* LaunchScreen.storyboard in Resources */ = {isa = PBXBuildFile; fileRef = 7ADE22A11C3A1C3A0039245D /* LaunchScreen.storyboard */; };
/* End PBXBuildFile section */

/* Begin PBXFileReference section */
		7A23CF901C3A4E3900BD343A /* DiscoverViewController.h */ = {isa = PBXFileReference; fileEncoding = 4; lastKnownFileType = sourcecode.c.h; path = DiscoverViewController.h; sourceTree = "<group>"; };
		7A23CF911C3A4E3900BD343A /* DiscoverViewController.m */ = {isa = PBXFileReference; fileEncoding = 4; lastKnownFileType = sourcecode.c.objc; path = DiscoverViewController.m; sourceTree = "<group>"; };
		7A23CF961C3A4E3900BD343A /* MainViewController.h */ = {isa = PBXFileReference; fileEncoding = 4; lastKnownFileType = sourcecode.c.h; path = MainViewController.h; sourceTree = "<group>"; };
		7A23CF971C3A4E3900BD343A /* MainViewController.m */ = {isa = PBXFileReference; fileEncoding = 4; lastKnownFileType = sourcecode.c.objc; path = MainViewController.m; sourceTree = "<group>"; };
		7A23CF9C1C3A4E3900BD343A /* MineViewController.h */ = {isa = PBXFileReference; fileEncoding = 4; lastKnownFileType = sourcecode.c.h; path = MineViewController.h; sourceTree = "<group>"; };
		7A23CF9D1C3A4E3900BD343A /* MineViewController.m */ = {isa = PBXFileReference; fileEncoding = 4; lastKnownFileType = sourcecode.c.objc; path = MineViewController.m; sourceTree = "<group>"; };
		7A23CFA51C3A507200BD343A /* MainStoryboard.storyboard */ = {isa = PBXFileReference; fileEncoding = 4; lastKnownFileType = file.storyboard; path = MainStoryboard.storyboard; sourceTree = "<group>"; };
		7A23CFA71C3A509900BD343A /* DiscoverStoryboard.storyboard */ = {isa = PBXFileReference; fileEncoding = 4; lastKnownFileType = file.storyboard; path = DiscoverStoryboard.storyboard; sourceTree = "<group>"; };
		7A23CFA91C3A50C900BD343A /* MineStoryboard.storyboard */ = {isa = PBXFileReference; fileEncoding = 4; lastKnownFileType = file.storyboard; path = MineStoryboard.storyboard; sourceTree = "<group>"; };
		7A23CFE81C3A766E00BD343A /* MainTableViewCell.h */ = {isa = PBXFileReference; fileEncoding = 4; lastKnownFileType = sourcecode.c.h; path = MainTableViewCell.h; sourceTree = "<group>"; };
		7A23CFE91C3A766E00BD343A /* MainTableViewCell.m */ = {isa = PBXFileReference; fileEncoding = 4; lastKnownFileType = sourcecode.c.objc; path = MainTableViewCell.m; sourceTree = "<group>"; };
		7A23CFEA1C3A766E00BD343A /* MainTableViewCell.xib */ = {isa = PBXFileReference; fileEncoding = 4; lastKnownFileType = file.xib; path = MainTableViewCell.xib; sourceTree = "<group>"; };
		7A47BDF61C3F3DDF00D22785 /* HWTool.h */ = {isa = PBXFileReference; fileEncoding = 4; lastKnownFileType = sourcecode.c.h; path = HWTool.h; sourceTree = "<group>"; };
		7A47BDF71C3F3DDF00D22785 /* HWTool.m */ = {isa = PBXFileReference; fileEncoding = 4; lastKnownFileType = sourcecode.c.objc; path = HWTool.m; sourceTree = "<group>"; };
		7A47BDF91C3F3F8500D22785 /* UIView+Extension.h */ = {isa = PBXFileReference; fileEncoding = 4; lastKnownFileType = sourcecode.c.h; path = "UIView+Extension.h"; sourceTree = "<group>"; };
		7A47BDFA1C3F3F8500D22785 /* UIView+Extension.m */ = {isa = PBXFileReference; fileEncoding = 4; lastKnownFileType = sourcecode.c.objc; path = "UIView+Extension.m"; sourceTree = "<group>"; };
		7A47BDFE1C3F5E1400D22785 /* Property List.plist */ = {isa = PBXFileReference; fileEncoding = 4; lastKnownFileType = text.plist.xml; path = "Property List.plist"; sourceTree = "<group>"; };
		7A47BE001C3F5EDA00D22785 /* ActivityThemeView.h */ = {isa = PBXFileReference; fileEncoding = 4; lastKnownFileType = sourcecode.c.h; path = ActivityThemeView.h; sourceTree = "<group>"; };
		7A47BE011C3F5EDA00D22785 /* ActivityThemeView.m */ = {isa = PBXFileReference; fileEncoding = 4; lastKnownFileType = sourcecode.c.objc; path = ActivityThemeView.m; sourceTree = "<group>"; };
		7A69F29C1C3CC511002ECFCB /* PrefixHeader.pch */ = {isa = PBXFileReference; fileEncoding = 4; lastKnownFileType = sourcecode.c.h; path = PrefixHeader.pch; sourceTree = "<group>"; };
		7A69F29D1C3CC83D002ECFCB /* SelectCityViewController.h */ = {isa = PBXFileReference; fileEncoding = 4; lastKnownFileType = sourcecode.c.h; path = SelectCityViewController.h; sourceTree = "<group>"; };
		7A69F29E1C3CC83D002ECFCB /* SelectCityViewController.m */ = {isa = PBXFileReference; fileEncoding = 4; lastKnownFileType = sourcecode.c.objc; path = SelectCityViewController.m; sourceTree = "<group>"; };
		7A69F2A01C3CC852002ECFCB /* SearchViewController.h */ = {isa = PBXFileReference; fileEncoding = 4; lastKnownFileType = sourcecode.c.h; path = SearchViewController.h; sourceTree = "<group>"; };
		7A69F2A11C3CC852002ECFCB /* SearchViewController.m */ = {isa = PBXFileReference; fileEncoding = 4; lastKnownFileType = sourcecode.c.objc; path = SearchViewController.m; sourceTree = "<group>"; };
		7A69F2A31C3CC86D002ECFCB /* ActivityViewController.h */ = {isa = PBXFileReference; fileEncoding = 4; lastKnownFileType = sourcecode.c.h; path = ActivityViewController.h; sourceTree = "<group>"; };
		7A69F2A41C3CC86D002ECFCB /* ActivityViewController.m */ = {isa = PBXFileReference; fileEncoding = 4; lastKnownFileType = sourcecode.c.objc; path = ActivityViewController.m; sourceTree = "<group>"; };
		7A69F2A61C3CC87D002ECFCB /* ThemeViewController.h */ = {isa = PBXFileReference; fileEncoding = 4; lastKnownFileType = sourcecode.c.h; path = ThemeViewController.h; sourceTree = "<group>"; };
		7A69F2A71C3CC87D002ECFCB /* ThemeViewController.m */ = {isa = PBXFileReference; fileEncoding = 4; lastKnownFileType = sourcecode.c.objc; path = ThemeViewController.m; sourceTree = "<group>"; };
		7A69F2A91C3CC89C002ECFCB /* ClassListViewController.h */ = {isa = PBXFileReference; fileEncoding = 4; lastKnownFileType = sourcecode.c.h; path = ClassListViewController.h; sourceTree = "<group>"; };
		7A69F2AA1C3CC89C002ECFCB /* ClassListViewController.m */ = {isa = PBXFileReference; fileEncoding = 4; lastKnownFileType = sourcecode.c.objc; path = ClassListViewController.m; sourceTree = "<group>"; };
		7A69F2AC1C3CC8B4002ECFCB /* JingXuanViewController.h */ = {isa = PBXFileReference; fileEncoding = 4; lastKnownFileType = sourcecode.c.h; path = JingXuanViewController.h; sourceTree = "<group>"; };
		7A69F2AD1C3CC8B4002ECFCB /* JingXuanViewController.m */ = {isa = PBXFileReference; fileEncoding = 4; lastKnownFileType = sourcecode.c.objc; path = JingXuanViewController.m; sourceTree = "<group>"; };
		7A69F2AF1C3CC8D0002ECFCB /* HotActivityViewController.h */ = {isa = PBXFileReference; fileEncoding = 4; lastKnownFileType = sourcecode.c.h; path = HotActivityViewController.h; sourceTree = "<group>"; };
		7A69F2B01C3CC8D0002ECFCB /* HotActivityViewController.m */ = {isa = PBXFileReference; fileEncoding = 4; lastKnownFileType = sourcecode.c.objc; path = HotActivityViewController.m; sourceTree = "<group>"; };
		7A73CAAA1C3E10EB00345636 /* ActivityDetailView.h */ = {isa = PBXFileReference; fileEncoding = 4; lastKnownFileType = sourcecode.c.h; path = ActivityDetailView.h; sourceTree = "<group>"; };
		7A73CAAB1C3E10EB00345636 /* ActivityDetailView.m */ = {isa = PBXFileReference; fileEncoding = 4; lastKnownFileType = sourcecode.c.objc; path = ActivityDetailView.m; sourceTree = "<group>"; };
		7A8933611C3D187E00B43477 /* Header.h */ = {isa = PBXFileReference; lastKnownFileType = sourcecode.c.h; path = Header.h; sourceTree = "<group>"; };
		7A8933641C3D202C00B43477 /* UIViewController+Common.h */ = {isa = PBXFileReference; fileEncoding = 4; lastKnownFileType = sourcecode.c.h; path = "UIViewController+Common.h"; sourceTree = "<group>"; };
		7A8933651C3D202C00B43477 /* UIViewController+Common.m */ = {isa = PBXFileReference; fileEncoding = 4; lastKnownFileType = sourcecode.c.objc; path = "UIViewController+Common.m"; sourceTree = "<group>"; };
		7A93B83F1C3F9EAD009FE0E0 /* blueArrow.png */ = {isa = PBXFileReference; lastKnownFileType = image.png; path = blueArrow.png; sourceTree = "<group>"; };
		7A93B8401C3F9EAD009FE0E0 /* blueArrowDown.png */ = {isa = PBXFileReference; lastKnownFileType = image.png; path = blueArrowDown.png; sourceTree = "<group>"; };
		7A93B8411C3F9EAD009FE0E0 /* PullingRefreshTableView.h */ = {isa = PBXFileReference; fileEncoding = 4; lastKnownFileType = sourcecode.c.h; path = PullingRefreshTableView.h; sourceTree = "<group>"; };
		7A93B8421C3F9EAD009FE0E0 /* PullingRefreshTableView.m */ = {isa = PBXFileReference; fileEncoding = 4; lastKnownFileType = sourcecode.c.objc; path = PullingRefreshTableView.m; sourceTree = "<group>"; };
		7A93B8461C3FA3BB009FE0E0 /* JingXuanTableViewCell.h */ = {isa = PBXFileReference; fileEncoding = 4; lastKnownFileType = sourcecode.c.h; path = JingXuanTableViewCell.h; sourceTree = "<group>"; };
		7A93B8471C3FA3BB009FE0E0 /* JingXuanTableViewCell.m */ = {isa = PBXFileReference; fileEncoding = 4; lastKnownFileType = sourcecode.c.objc; path = JingXuanTableViewCell.m; sourceTree = "<group>"; };
		7A93B8481C3FA3BB009FE0E0 /* JingXuanTableViewCell.xib */ = {isa = PBXFileReference; fileEncoding = 4; lastKnownFileType = file.xib; path = JingXuanTableViewCell.xib; sourceTree = "<group>"; };
		7A93B84B1C3FB77A009FE0E0 /* JingXuanProperty List.plist */ = {isa = PBXFileReference; fileEncoding = 4; lastKnownFileType = text.plist.xml; path = "JingXuanProperty List.plist"; sourceTree = "<group>"; };
		7A93B84D1C3FBE44009FE0E0 /* JingXuanModel.h */ = {isa = PBXFileReference; fileEncoding = 4; lastKnownFileType = sourcecode.c.h; path = JingXuanModel.h; sourceTree = "<group>"; };
		7A93B84E1C3FBE44009FE0E0 /* JingXuanModel.m */ = {isa = PBXFileReference; fileEncoding = 4; lastKnownFileType = sourcecode.c.objc; path = JingXuanModel.m; sourceTree = "<group>"; };
		7AC6BF101C3BA08600F19997 /* MainModel.h */ = {isa = PBXFileReference; fileEncoding = 4; lastKnownFileType = sourcecode.c.h; path = MainModel.h; sourceTree = "<group>"; };
		7AC6BF111C3BA08600F19997 /* MainModel.m */ = {isa = PBXFileReference; fileEncoding = 4; lastKnownFileType = sourcecode.c.objc; path = MainModel.m; sourceTree = "<group>"; };
		7ADE22961C3A1C3A0039245D /* The weekend to play.app */ = {isa = PBXFileReference; explicitFileType = wrapper.application; includeInIndex = 0; path = "The weekend to play.app"; sourceTree = BUILT_PRODUCTS_DIR; };
		7ADE229A1C3A1C3A0039245D /* main.m */ = {isa = PBXFileReference; lastKnownFileType = sourcecode.c.objc; path = main.m; sourceTree = "<group>"; };
		7ADE229C1C3A1C3A0039245D /* AppDelegate.h */ = {isa = PBXFileReference; lastKnownFileType = sourcecode.c.h; path = AppDelegate.h; sourceTree = "<group>"; };
		7ADE229D1C3A1C3A0039245D /* AppDelegate.m */ = {isa = PBXFileReference; lastKnownFileType = sourcecode.c.objc; path = AppDelegate.m; sourceTree = "<group>"; };
		7ADE229F1C3A1C3A0039245D /* Assets.xcassets */ = {isa = PBXFileReference; lastKnownFileType = folder.assetcatalog; path = Assets.xcassets; sourceTree = "<group>"; };
		7ADE22A21C3A1C3A0039245D /* Base */ = {isa = PBXFileReference; lastKnownFileType = file.storyboard; name = Base; path = Base.lproj/LaunchScreen.storyboard; sourceTree = "<group>"; };
		7ADE22A41C3A1C3A0039245D /* Info.plist */ = {isa = PBXFileReference; lastKnownFileType = text.plist.xml; path = Info.plist; sourceTree = "<group>"; };
		ADFD9174E14D5337831C7338 /* libPods.a */ = {isa = PBXFileReference; explicitFileType = archive.ar; includeInIndex = 0; path = libPods.a; sourceTree = BUILT_PRODUCTS_DIR; };
		B6863585B0F21C0ED030045B /* Pods.release.xcconfig */ = {isa = PBXFileReference; includeInIndex = 1; lastKnownFileType = text.xcconfig; name = Pods.release.xcconfig; path = "Pods/Target Support Files/Pods/Pods.release.xcconfig"; sourceTree = "<group>"; };
		C60D264A4D10AA8DC14E48D3 /* Pods.debug.xcconfig */ = {isa = PBXFileReference; includeInIndex = 1; lastKnownFileType = text.xcconfig; name = Pods.debug.xcconfig; path = "Pods/Target Support Files/Pods/Pods.debug.xcconfig"; sourceTree = "<group>"; };
/* End PBXFileReference section */

/* Begin PBXFrameworksBuildPhase section */
		7ADE22931C3A1C3A0039245D /* Frameworks */ = {
			isa = PBXFrameworksBuildPhase;
			buildActionMask = 2147483647;
			files = (
				3548404F131E8E1CC511003E /* libPods.a in Frameworks */,
			);
			runOnlyForDeploymentPostprocessing = 0;
		};
/* End PBXFrameworksBuildPhase section */

/* Begin PBXGroup section */
		2F922790E962CBA343F032B8 /* Pods */ = {
			isa = PBXGroup;
			children = (
				C60D264A4D10AA8DC14E48D3 /* Pods.debug.xcconfig */,
				B6863585B0F21C0ED030045B /* Pods.release.xcconfig */,
			);
			name = Pods;
			sourceTree = "<group>";
		};
		302D0E3B2F8E80E2B0D44072 /* Frameworks */ = {
			isa = PBXGroup;
			children = (
				ADFD9174E14D5337831C7338 /* libPods.a */,
			);
			name = Frameworks;
			sourceTree = "<group>";
		};
		7A23CF8D1C3A4E3900BD343A /* Classes */ = {
			isa = PBXGroup;
			children = (
				7A23CF8E1C3A4E3900BD343A /* Discover */,
				7A23CF941C3A4E3900BD343A /* Main */,
				7A23CF9A1C3A4E3900BD343A /* Mine */,
			);
			name = Classes;
			path = "The weekend to play/Classes";
			sourceTree = "<group>";
		};
		7A23CF8E1C3A4E3900BD343A /* Discover */ = {
			isa = PBXGroup;
			children = (
				7A23CF8F1C3A4E3900BD343A /* Controllers */,
				7A23CF921C3A4E3900BD343A /* Models */,
				7A23CF931C3A4E3900BD343A /* Views */,
			);
			path = Discover;
			sourceTree = "<group>";
		};
		7A23CF8F1C3A4E3900BD343A /* Controllers */ = {
			isa = PBXGroup;
			children = (
				7A23CF901C3A4E3900BD343A /* DiscoverViewController.h */,
				7A23CF911C3A4E3900BD343A /* DiscoverViewController.m */,
			);
			path = Controllers;
			sourceTree = "<group>";
		};
		7A23CF921C3A4E3900BD343A /* Models */ = {
			isa = PBXGroup;
			children = (
			);
			path = Models;
			sourceTree = "<group>";
		};
		7A23CF931C3A4E3900BD343A /* Views */ = {
			isa = PBXGroup;
			children = (
				7A23CFA71C3A509900BD343A /* DiscoverStoryboard.storyboard */,
			);
			path = Views;
			sourceTree = "<group>";
		};
		7A23CF941C3A4E3900BD343A /* Main */ = {
			isa = PBXGroup;
			children = (
				7A23CF951C3A4E3900BD343A /* Controllers */,
				7A23CF981C3A4E3900BD343A /* Models */,
				7A23CF991C3A4E3900BD343A /* Views */,
			);
			path = Main;
			sourceTree = "<group>";
		};
		7A23CF951C3A4E3900BD343A /* Controllers */ = {
			isa = PBXGroup;
			children = (
				7A23CF961C3A4E3900BD343A /* MainViewController.h */,
				7A23CF971C3A4E3900BD343A /* MainViewController.m */,
				7A69F29D1C3CC83D002ECFCB /* SelectCityViewController.h */,
				7A69F29E1C3CC83D002ECFCB /* SelectCityViewController.m */,
				7A69F2A01C3CC852002ECFCB /* SearchViewController.h */,
				7A69F2A11C3CC852002ECFCB /* SearchViewController.m */,
				7A69F2A31C3CC86D002ECFCB /* ActivityViewController.h */,
				7A69F2A41C3CC86D002ECFCB /* ActivityViewController.m */,
				7A8933641C3D202C00B43477 /* UIViewController+Common.h */,
				7A8933651C3D202C00B43477 /* UIViewController+Common.m */,
				7A69F2A61C3CC87D002ECFCB /* ThemeViewController.h */,
				7A69F2A71C3CC87D002ECFCB /* ThemeViewController.m */,
				7A69F2A91C3CC89C002ECFCB /* ClassListViewController.h */,
				7A69F2AA1C3CC89C002ECFCB /* ClassListViewController.m */,
				7A69F2AC1C3CC8B4002ECFCB /* JingXuanViewController.h */,
				7A69F2AD1C3CC8B4002ECFCB /* JingXuanViewController.m */,
				7A69F2AF1C3CC8D0002ECFCB /* HotActivityViewController.h */,
				7A69F2B01C3CC8D0002ECFCB /* HotActivityViewController.m */,
			);
			path = Controllers;
			sourceTree = "<group>";
		};
		7A23CF981C3A4E3900BD343A /* Models */ = {
			isa = PBXGroup;
			children = (
				7AC6BF101C3BA08600F19997 /* MainModel.h */,
				7AC6BF111C3BA08600F19997 /* MainModel.m */,
				7A93B84D1C3FBE44009FE0E0 /* JingXuanModel.h */,
				7A93B84E1C3FBE44009FE0E0 /* JingXuanModel.m */,
			);
			path = Models;
			sourceTree = "<group>";
		};
		7A23CF991C3A4E3900BD343A /* Views */ = {
			isa = PBXGroup;
			children = (
				7A23CFA51C3A507200BD343A /* MainStoryboard.storyboard */,
				7A73CAAA1C3E10EB00345636 /* ActivityDetailView.h */,
				7A73CAAB1C3E10EB00345636 /* ActivityDetailView.m */,
				7A23CFE81C3A766E00BD343A /* MainTableViewCell.h */,
				7A23CFE91C3A766E00BD343A /* MainTableViewCell.m */,
				7A23CFEA1C3A766E00BD343A /* MainTableViewCell.xib */,
				7A47BE001C3F5EDA00D22785 /* ActivityThemeView.h */,
				7A47BE011C3F5EDA00D22785 /* ActivityThemeView.m */,
				7A93B8461C3FA3BB009FE0E0 /* JingXuanTableViewCell.h */,
				7A93B8471C3FA3BB009FE0E0 /* JingXuanTableViewCell.m */,
				7A93B8481C3FA3BB009FE0E0 /* JingXuanTableViewCell.xib */,
			);
			path = Views;
			sourceTree = "<group>";
		};
		7A23CF9A1C3A4E3900BD343A /* Mine */ = {
			isa = PBXGroup;
			children = (
				7A23CF9B1C3A4E3900BD343A /* Controllers */,
				7A23CF9E1C3A4E3900BD343A /* Models */,
				7A23CF9F1C3A4E3900BD343A /* Views */,
			);
			path = Mine;
			sourceTree = "<group>";
		};
		7A23CF9B1C3A4E3900BD343A /* Controllers */ = {
			isa = PBXGroup;
			children = (
				7A23CF9C1C3A4E3900BD343A /* MineViewController.h */,
				7A23CF9D1C3A4E3900BD343A /* MineViewController.m */,
			);
			path = Controllers;
			sourceTree = "<group>";
		};
		7A23CF9E1C3A4E3900BD343A /* Models */ = {
			isa = PBXGroup;
			children = (
			);
			path = Models;
			sourceTree = "<group>";
		};
		7A23CF9F1C3A4E3900BD343A /* Views */ = {
			isa = PBXGroup;
			children = (
				7A23CFA91C3A50C900BD343A /* MineStoryboard.storyboard */,
			);
			path = Views;
			sourceTree = "<group>";
		};
		7A23CFA41C3A4FAA00BD343A /* Resource */ = {
			isa = PBXGroup;
			children = (
			);
			name = Resource;
			path = "The weekend to play/Resource";
			sourceTree = "<group>";
		};
		7A69F29B1C3CC511002ECFCB /* Pch */ = {
			isa = PBXGroup;
			children = (
				7A69F29C1C3CC511002ECFCB /* PrefixHeader.pch */,
				7A8933611C3D187E00B43477 /* Header.h */,
				7A47BDF61C3F3DDF00D22785 /* HWTool.h */,
				7A47BDF71C3F3DDF00D22785 /* HWTool.m */,
				7A47BDF91C3F3F8500D22785 /* UIView+Extension.h */,
				7A47BDFA1C3F3F8500D22785 /* UIView+Extension.m */,
				7A47BDFE1C3F5E1400D22785 /* Property List.plist */,
				7A93B84B1C3FB77A009FE0E0 /* JingXuanProperty List.plist */,
			);
			name = Pch;
			path = "The weekend to play/Pch";
			sourceTree = "<group>";
		};
		7A93B83D1C3F9EAD009FE0E0 /* Library */ = {
			isa = PBXGroup;
			children = (
				7A93B83E1C3F9EAD009FE0E0 /* PullingRefreshTableView */,
			);
			name = Library;
			path = "The weekend to play/Library";
			sourceTree = "<group>";
		};
		7A93B83E1C3F9EAD009FE0E0 /* PullingRefreshTableView */ = {
			isa = PBXGroup;
			children = (
				7A93B83F1C3F9EAD009FE0E0 /* blueArrow.png */,
				7A93B8401C3F9EAD009FE0E0 /* blueArrowDown.png */,
				7A93B8411C3F9EAD009FE0E0 /* PullingRefreshTableView.h */,
				7A93B8421C3F9EAD009FE0E0 /* PullingRefreshTableView.m */,
			);
			path = PullingRefreshTableView;
			sourceTree = "<group>";
		};
		7ADE228D1C3A1C3A0039245D = {
			isa = PBXGroup;
			children = (
				7A93B83D1C3F9EAD009FE0E0 /* Library */,
				7A69F29B1C3CC511002ECFCB /* Pch */,
				7A23CF8D1C3A4E3900BD343A /* Classes */,
				7A23CFA41C3A4FAA00BD343A /* Resource */,
				7ADE22981C3A1C3A0039245D /* The weekend to play */,
				7ADE22971C3A1C3A0039245D /* Products */,
				2F922790E962CBA343F032B8 /* Pods */,
				302D0E3B2F8E80E2B0D44072 /* Frameworks */,
			);
			sourceTree = "<group>";
		};
		7ADE22971C3A1C3A0039245D /* Products */ = {
			isa = PBXGroup;
			children = (
				7ADE22961C3A1C3A0039245D /* The weekend to play.app */,
			);
			name = Products;
			sourceTree = "<group>";
		};
		7ADE22981C3A1C3A0039245D /* The weekend to play */ = {
			isa = PBXGroup;
			children = (
				7ADE229C1C3A1C3A0039245D /* AppDelegate.h */,
				7ADE229D1C3A1C3A0039245D /* AppDelegate.m */,
				7ADE229F1C3A1C3A0039245D /* Assets.xcassets */,
				7ADE22A11C3A1C3A0039245D /* LaunchScreen.storyboard */,
				7ADE22A41C3A1C3A0039245D /* Info.plist */,
				7ADE22991C3A1C3A0039245D /* Supporting Files */,
			);
			path = "The weekend to play";
			sourceTree = "<group>";
		};
		7ADE22991C3A1C3A0039245D /* Supporting Files */ = {
			isa = PBXGroup;
			children = (
				7ADE229A1C3A1C3A0039245D /* main.m */,
			);
			name = "Supporting Files";
			sourceTree = "<group>";
		};
/* End PBXGroup section */

/* Begin PBXNativeTarget section */
		7ADE22951C3A1C3A0039245D /* The weekend to play */ = {
			isa = PBXNativeTarget;
			buildConfigurationList = 7ADE22A71C3A1C3A0039245D /* Build configuration list for PBXNativeTarget "The weekend to play" */;
			buildPhases = (
				1E600409B38BFF3EFBC977AD /* Check Pods Manifest.lock */,
				7ADE22921C3A1C3A0039245D /* Sources */,
				7ADE22931C3A1C3A0039245D /* Frameworks */,
				7ADE22941C3A1C3A0039245D /* Resources */,
				5E7D44F900C3F07ACC1823CD /* Embed Pods Frameworks */,
				228D1A6D7ABFF4770640318B /* Copy Pods Resources */,
			);
			buildRules = (
			);
			dependencies = (
			);
			name = "The weekend to play";
			productName = "The weekend to play";
			productReference = 7ADE22961C3A1C3A0039245D /* The weekend to play.app */;
			productType = "com.apple.product-type.application";
		};
/* End PBXNativeTarget section */

/* Begin PBXProject section */
		7ADE228E1C3A1C3A0039245D /* Project object */ = {
			isa = PBXProject;
			attributes = {
				LastUpgradeCheck = 0720;
				ORGANIZATIONNAME = "秦俊珍";
				TargetAttributes = {
					7ADE22951C3A1C3A0039245D = {
						CreatedOnToolsVersion = 7.2;
						DevelopmentTeam = FZ67V9UY55;
					};
				};
			};
			buildConfigurationList = 7ADE22911C3A1C3A0039245D /* Build configuration list for PBXProject "The weekend to play" */;
			compatibilityVersion = "Xcode 3.2";
			developmentRegion = English;
			hasScannedForEncodings = 0;
			knownRegions = (
				en,
				Base,
			);
			mainGroup = 7ADE228D1C3A1C3A0039245D;
			productRefGroup = 7ADE22971C3A1C3A0039245D /* Products */;
			projectDirPath = "";
			projectRoot = "";
			targets = (
				7ADE22951C3A1C3A0039245D /* The weekend to play */,
			);
		};
/* End PBXProject section */

/* Begin PBXResourcesBuildPhase section */
		7ADE22941C3A1C3A0039245D /* Resources */ = {
			isa = PBXResourcesBuildPhase;
			buildActionMask = 2147483647;
			files = (
				7A23CFEC1C3A766E00BD343A /* MainTableViewCell.xib in Resources */,
				7A47BDFF1C3F5E1400D22785 /* Property List.plist in Resources */,
				7A23CFA81C3A509900BD343A /* DiscoverStoryboard.storyboard in Resources */,
				7A93B8431C3F9EAD009FE0E0 /* blueArrow.png in Resources */,
				7A23CFA61C3A507200BD343A /* MainStoryboard.storyboard in Resources */,
				7ADE22A01C3A1C3A0039245D /* Assets.xcassets in Resources */,
				7ADE22A31C3A1C3A0039245D /* LaunchScreen.storyboard in Resources */,
				7A93B84A1C3FA3BB009FE0E0 /* JingXuanTableViewCell.xib in Resources */,
				7A93B84C1C3FB77A009FE0E0 /* JingXuanProperty List.plist in Resources */,
				7A93B8441C3F9EAD009FE0E0 /* blueArrowDown.png in Resources */,
				7A23CFAA1C3A50C900BD343A /* MineStoryboard.storyboard in Resources */,
			);
			runOnlyForDeploymentPostprocessing = 0;
		};
/* End PBXResourcesBuildPhase section */

/* Begin PBXShellScriptBuildPhase section */
		1E600409B38BFF3EFBC977AD /* Check Pods Manifest.lock */ = {
			isa = PBXShellScriptBuildPhase;
			buildActionMask = 2147483647;
			files = (
			);
			inputPaths = (
			);
			name = "Check Pods Manifest.lock";
			outputPaths = (
			);
			runOnlyForDeploymentPostprocessing = 0;
			shellPath = /bin/sh;
			shellScript = "diff \"${PODS_ROOT}/../Podfile.lock\" \"${PODS_ROOT}/Manifest.lock\" > /dev/null\nif [[ $? != 0 ]] ; then\n    cat << EOM\nerror: The sandbox is not in sync with the Podfile.lock. Run 'pod install' or update your CocoaPods installation.\nEOM\n    exit 1\nfi\n";
			showEnvVarsInLog = 0;
		};
		228D1A6D7ABFF4770640318B /* Copy Pods Resources */ = {
			isa = PBXShellScriptBuildPhase;
			buildActionMask = 2147483647;
			files = (
			);
			inputPaths = (
			);
			name = "Copy Pods Resources";
			outputPaths = (
			);
			runOnlyForDeploymentPostprocessing = 0;
			shellPath = /bin/sh;
			shellScript = "\"${SRCROOT}/Pods/Target Support Files/Pods/Pods-resources.sh\"\n";
			showEnvVarsInLog = 0;
		};
		5E7D44F900C3F07ACC1823CD /* Embed Pods Frameworks */ = {
			isa = PBXShellScriptBuildPhase;
			buildActionMask = 2147483647;
			files = (
			);
			inputPaths = (
			);
			name = "Embed Pods Frameworks";
			outputPaths = (
			);
			runOnlyForDeploymentPostprocessing = 0;
			shellPath = /bin/sh;
			shellScript = "\"${SRCROOT}/Pods/Target Support Files/Pods/Pods-frameworks.sh\"\n";
			showEnvVarsInLog = 0;
		};
/* End PBXShellScriptBuildPhase section */

/* Begin PBXSourcesBuildPhase section */
		7ADE22921C3A1C3A0039245D /* Sources */ = {
			isa = PBXSourcesBuildPhase;
			buildActionMask = 2147483647;
			files = (
				7A47BDFB1C3F3F8500D22785 /* UIView+Extension.m in Sources */,
				7A23CFEB1C3A766E00BD343A /* MainTableViewCell.m in Sources */,
				7A69F2B11C3CC8D0002ECFCB /* HotActivityViewController.m in Sources */,
				7ADE229E1C3A1C3A0039245D /* AppDelegate.m in Sources */,
				7A93B8491C3FA3BB009FE0E0 /* JingXuanTableViewCell.m in Sources */,
				7A23CFA11C3A4E3900BD343A /* DiscoverViewController.m in Sources */,
				7A23CFA31C3A4E3900BD343A /* MineViewController.m in Sources */,
				7A69F2A21C3CC852002ECFCB /* SearchViewController.m in Sources */,
				7A69F2AB1C3CC89C002ECFCB /* ClassListViewController.m in Sources */,
				7A93B84F1C3FBE44009FE0E0 /* JingXuanModel.m in Sources */,
				7ADE229B1C3A1C3A0039245D /* main.m in Sources */,
				7A69F2A81C3CC87D002ECFCB /* ThemeViewController.m in Sources */,
				7A69F2AE1C3CC8B4002ECFCB /* JingXuanViewController.m in Sources */,
				7A47BE021C3F5EDA00D22785 /* ActivityThemeView.m in Sources */,
				7A47BDF81C3F3DDF00D22785 /* HWTool.m in Sources */,
				7A93B8451C3F9EAD009FE0E0 /* PullingRefreshTableView.m in Sources */,
				7A73CAAC1C3E10EB00345636 /* ActivityDetailView.m in Sources */,
				7A69F29F1C3CC83D002ECFCB /* SelectCityViewController.m in Sources */,
				7A23CFA21C3A4E3900BD343A /* MainViewController.m in Sources */,
				7AC6BF121C3BA08600F19997 /* MainModel.m in Sources */,
				7A8933661C3D202C00B43477 /* UIViewController+Common.m in Sources */,
				7A69F2A51C3CC86D002ECFCB /* ActivityViewController.m in Sources */,
			);
			runOnlyForDeploymentPostprocessing = 0;
		};
/* End PBXSourcesBuildPhase section */

/* Begin PBXVariantGroup section */
		7ADE22A11C3A1C3A0039245D /* LaunchScreen.storyboard */ = {
			isa = PBXVariantGroup;
			children = (
				7ADE22A21C3A1C3A0039245D /* Base */,
			);
			name = LaunchScreen.storyboard;
			sourceTree = "<group>";
		};
/* End PBXVariantGroup section */

/* Begin XCBuildConfiguration section */
		7ADE22A51C3A1C3A0039245D /* Debug */ = {
			isa = XCBuildConfiguration;
			buildSettings = {
				ALWAYS_SEARCH_USER_PATHS = NO;
				CLANG_CXX_LANGUAGE_STANDARD = "gnu++0x";
				CLANG_CXX_LIBRARY = "libc++";
				CLANG_ENABLE_MODULES = YES;
				CLANG_ENABLE_OBJC_ARC = YES;
				CLANG_WARN_BOOL_CONVERSION = YES;
				CLANG_WARN_CONSTANT_CONVERSION = YES;
				CLANG_WARN_DIRECT_OBJC_ISA_USAGE = YES_ERROR;
				CLANG_WARN_EMPTY_BODY = YES;
				CLANG_WARN_ENUM_CONVERSION = YES;
				CLANG_WARN_INT_CONVERSION = YES;
				CLANG_WARN_OBJC_ROOT_CLASS = YES_ERROR;
				CLANG_WARN_UNREACHABLE_CODE = YES;
				CLANG_WARN__DUPLICATE_METHOD_MATCH = YES;
				"CODE_SIGN_IDENTITY[sdk=iphoneos*]" = "iPhone Developer";
				COPY_PHASE_STRIP = NO;
				DEBUG_INFORMATION_FORMAT = dwarf;
				ENABLE_STRICT_OBJC_MSGSEND = YES;
				ENABLE_TESTABILITY = YES;
				GCC_C_LANGUAGE_STANDARD = gnu99;
				GCC_DYNAMIC_NO_PIC = NO;
				GCC_NO_COMMON_BLOCKS = YES;
				GCC_OPTIMIZATION_LEVEL = 0;
				GCC_PREPROCESSOR_DEFINITIONS = (
					"DEBUG=1",
					"$(inherited)",
				);
				GCC_WARN_64_TO_32_BIT_CONVERSION = YES;
				GCC_WARN_ABOUT_RETURN_TYPE = YES_ERROR;
				GCC_WARN_UNDECLARED_SELECTOR = YES;
				GCC_WARN_UNINITIALIZED_AUTOS = YES_AGGRESSIVE;
				GCC_WARN_UNUSED_FUNCTION = YES;
				GCC_WARN_UNUSED_VARIABLE = YES;
				IPHONEOS_DEPLOYMENT_TARGET = 9.2;
				MTL_ENABLE_DEBUG_INFO = YES;
				ONLY_ACTIVE_ARCH = YES;
				SDKROOT = iphoneos;
			};
			name = Debug;
		};
		7ADE22A61C3A1C3A0039245D /* Release */ = {
			isa = XCBuildConfiguration;
			buildSettings = {
				ALWAYS_SEARCH_USER_PATHS = NO;
				CLANG_CXX_LANGUAGE_STANDARD = "gnu++0x";
				CLANG_CXX_LIBRARY = "libc++";
				CLANG_ENABLE_MODULES = YES;
				CLANG_ENABLE_OBJC_ARC = YES;
				CLANG_WARN_BOOL_CONVERSION = YES;
				CLANG_WARN_CONSTANT_CONVERSION = YES;
				CLANG_WARN_DIRECT_OBJC_ISA_USAGE = YES_ERROR;
				CLANG_WARN_EMPTY_BODY = YES;
				CLANG_WARN_ENUM_CONVERSION = YES;
				CLANG_WARN_INT_CONVERSION = YES;
				CLANG_WARN_OBJC_ROOT_CLASS = YES_ERROR;
				CLANG_WARN_UNREACHABLE_CODE = YES;
				CLANG_WARN__DUPLICATE_METHOD_MATCH = YES;
				"CODE_SIGN_IDENTITY[sdk=iphoneos*]" = "iPhone Developer";
				COPY_PHASE_STRIP = NO;
				DEBUG_INFORMATION_FORMAT = "dwarf-with-dsym";
				ENABLE_NS_ASSERTIONS = NO;
				ENABLE_STRICT_OBJC_MSGSEND = YES;
				GCC_C_LANGUAGE_STANDARD = gnu99;
				GCC_NO_COMMON_BLOCKS = YES;
				GCC_WARN_64_TO_32_BIT_CONVERSION = YES;
				GCC_WARN_ABOUT_RETURN_TYPE = YES_ERROR;
				GCC_WARN_UNDECLARED_SELECTOR = YES;
				GCC_WARN_UNINITIALIZED_AUTOS = YES_AGGRESSIVE;
				GCC_WARN_UNUSED_FUNCTION = YES;
				GCC_WARN_UNUSED_VARIABLE = YES;
				IPHONEOS_DEPLOYMENT_TARGET = 9.2;
				MTL_ENABLE_DEBUG_INFO = NO;
				SDKROOT = iphoneos;
				VALIDATE_PRODUCT = YES;
			};
			name = Release;
		};
		7ADE22A81C3A1C3A0039245D /* Debug */ = {
			isa = XCBuildConfiguration;
			baseConfigurationReference = C60D264A4D10AA8DC14E48D3 /* Pods.debug.xcconfig */;
			buildSettings = {
				ASSETCATALOG_COMPILER_APPICON_NAME = AppIcon;
				GCC_PRECOMPILE_PREFIX_HEADER = YES;
				GCC_PREFIX_HEADER = "/Users/scjy/Desktop/The-weekend-to-play/The weekend to play/Pch/PrefixHeader.pch";
				INFOPLIST_FILE = "The weekend to play/Info.plist";
				IPHONEOS_DEPLOYMENT_TARGET = 7.0;
				LD_RUNPATH_SEARCH_PATHS = "$(inherited) @executable_path/Frameworks";
				PRODUCT_BUNDLE_IDENTIFIER = "QinJunzhen.The-weekend-to-play";
				PRODUCT_NAME = "$(TARGET_NAME)";
			};
			name = Debug;
		};
		7ADE22A91C3A1C3A0039245D /* Release */ = {
			isa = XCBuildConfiguration;
			baseConfigurationReference = B6863585B0F21C0ED030045B /* Pods.release.xcconfig */;
			buildSettings = {
				ASSETCATALOG_COMPILER_APPICON_NAME = AppIcon;
				GCC_PRECOMPILE_PREFIX_HEADER = YES;
				GCC_PREFIX_HEADER = "/Users/scjy/Desktop/The-weekend-to-play/The weekend to play/Pch/PrefixHeader.pch";
				INFOPLIST_FILE = "The weekend to play/Info.plist";
				IPHONEOS_DEPLOYMENT_TARGET = 7.0;
				LD_RUNPATH_SEARCH_PATHS = "$(inherited) @executable_path/Frameworks";
				PRODUCT_BUNDLE_IDENTIFIER = "QinJunzhen.The-weekend-to-play";
				PRODUCT_NAME = "$(TARGET_NAME)";
			};
			name = Release;
		};
/* End XCBuildConfiguration section */

/* Begin XCConfigurationList section */
		7ADE22911C3A1C3A0039245D /* Build configuration list for PBXProject "The weekend to play" */ = {
			isa = XCConfigurationList;
			buildConfigurations = (
				7ADE22A51C3A1C3A0039245D /* Debug */,
				7ADE22A61C3A1C3A0039245D /* Release */,
			);
			defaultConfigurationIsVisible = 0;
			defaultConfigurationName = Release;
		};
		7ADE22A71C3A1C3A0039245D /* Build configuration list for PBXNativeTarget "The weekend to play" */ = {
			isa = XCConfigurationList;
			buildConfigurations = (
				7ADE22A81C3A1C3A0039245D /* Debug */,
				7ADE22A91C3A1C3A0039245D /* Release */,
			);
			defaultConfigurationIsVisible = 0;
			defaultConfigurationName = Release;
		};
/* End XCConfigurationList section */
	};
	rootObject = 7ADE228E1C3A1C3A0039245D /* Project object */;
}
